
Microsoft Visual Studio Solution File, Format Version 12.00
# Visual Studio Version 16
VisualStudioVersion = 16.0.28922.388
MinimumVisualStudioVersion = 10.0.40219.1
Project("{9A19103F-16F7-4668-BE54-9A1E7A4F7556}") = "OurMemory", "OurMemory\OurMemory.csproj", "{94DFF23E-0804-4824-958E-E4778384AB18}"
EndProject
Project("{FAE04EC0-301F-11D3-BF4B-00C04F79EFBC}") = "OurMemoryWebsite", "OurMemoryWebsite\OurMemoryWebsite.csproj", "{6DDD1A2B-5360-4217-9904-A4ABF13B3EAA}"
EndProject
Global
	GlobalSection(SolutionConfigurationPlatforms) = preSolution
		Debug|Any CPU = Debug|Any CPU
		Release|Any CPU = Release|Any CPU
	EndGlobalSection
	GlobalSection(ProjectConfigurationPlatforms) = postSolution
		{94DFF23E-0804-4824-958E-E4778384AB18}.Debug|Any CPU.ActiveCfg = Debug|Any CPU
		{94DFF23E-0804-4824-958E-E4778384AB18}.Debug|Any CPU.Build.0 = Debug|Any CPU
		{94DFF23E-0804-4824-958E-E4778384AB18}.Release|Any CPU.ActiveCfg = Release|Any CPU
		{94DFF23E-0804-4824-958E-E4778384AB18}.Release|Any CPU.Build.0 = Release|Any CPU
		{6DDD1A2B-5360-4217-9904-A4ABF13B3EAA}.Debug|Any CPU.ActiveCfg = Debug|Any CPU
		{6DDD1A2B-5360-4217-9904-A4ABF13B3EAA}.Debug|Any CPU.Build.0 = Debug|Any CPU
		{6DDD1A2B-5360-4217-9904-A4ABF13B3EAA}.Release|Any CPU.ActiveCfg = Release|Any CPU
		{6DDD1A2B-5360-4217-9904-A4ABF13B3EAA}.Release|Any CPU.Build.0 = Release|Any CPU
	EndGlobalSection
	GlobalSection(SolutionProperties) = preSolution
		HideSolutionNode = FALSE
	EndGlobalSection
	GlobalSection(ExtensibilityGlobals) = postSolution
		SolutionGuid = {F9F04DF0-0AF4-476A-B772-13953E60E9B1}
	EndGlobalSection
EndGlobal
